// !$*UTF8*$!
{
	archiveVersion = 1;
	classes = {
	};
	objectVersion = 56;
	objects = {

/* Begin PBXBuildFile section */
		F0DC81BF2A04446B00F56023 /* StocksEyeApp.swift in Sources */ = {isa = PBXBuildFile; fileRef = F0DC81BE2A04446B00F56023 /* StocksEyeApp.swift */; };
		F0DC81C12A04446B00F56023 /* ContentView.swift in Sources */ = {isa = PBXBuildFile; fileRef = F0DC81C02A04446B00F56023 /* ContentView.swift */; };
		F0DC81C32A04446D00F56023 /* Assets.xcassets in Resources */ = {isa = PBXBuildFile; fileRef = F0DC81C22A04446D00F56023 /* Assets.xcassets */; };
		F0DC81C62A04446D00F56023 /* Preview Assets.xcassets in Resources */ = {isa = PBXBuildFile; fileRef = F0DC81C52A04446D00F56023 /* Preview Assets.xcassets */; };
		F0DC81D02A04446E00F56023 /* StocksEyeTests.swift in Sources */ = {isa = PBXBuildFile; fileRef = F0DC81CF2A04446E00F56023 /* StocksEyeTests.swift */; };
		F0DC81DA2A04446E00F56023 /* StocksEyeUITests.swift in Sources */ = {isa = PBXBuildFile; fileRef = F0DC81D92A04446E00F56023 /* StocksEyeUITests.swift */; };
		F0DC81DC2A04446E00F56023 /* StocksEyeUITestsLaunchTests.swift in Sources */ = {isa = PBXBuildFile; fileRef = F0DC81DB2A04446E00F56023 /* StocksEyeUITestsLaunchTests.swift */; };
/* End PBXBuildFile section */

/* Begin PBXContainerItemProxy section */
		F0DC81CC2A04446E00F56023 /* PBXContainerItemProxy */ = {
			isa = PBXContainerItemProxy;
			containerPortal = F0DC81B32A04446B00F56023 /* Project object */;
			proxyType = 1;
			remoteGlobalIDString = F0DC81BA2A04446B00F56023;
			remoteInfo = StocksEye;
		};
		F0DC81D62A04446E00F56023 /* PBXContainerItemProxy */ = {
			isa = PBXContainerItemProxy;
			containerPortal = F0DC81B32A04446B00F56023 /* Project object */;
			proxyType = 1;
			remoteGlobalIDString = F0DC81BA2A04446B00F56023;
			remoteInfo = StocksEye;
		};
/* End PBXContainerItemProxy section */

/* Begin PBXFileReference section */
		F0DC81BB2A04446B00F56023 /* StocksEye.app */ = {isa = PBXFileReference; explicitFileType = wrapper.application; includeInIndex = 0; path = StocksEye.app; sourceTree = BUILT_PRODUCTS_DIR; };
		F0DC81BE2A04446B00F56023 /* StocksEyeApp.swift */ = {isa = PBXFileReference; lastKnownFileType = sourcecode.swift; path = StocksEyeApp.swift; sourceTree = "<group>"; };
		F0DC81C02A04446B00F56023 /* ContentView.swift */ = {isa = PBXFileReference; lastKnownFileType = sourcecode.swift; path = ContentView.swift; sourceTree = "<group>"; };
		F0DC81C22A04446D00F56023 /* Assets.xcassets */ = {isa = PBXFileReference; lastKnownFileType = folder.assetcatalog; path = Assets.xcassets; sourceTree = "<group>"; };
		F0DC81C52A04446D00F56023 /* Preview Assets.xcassets */ = {isa = PBXFileReference; lastKnownFileType = folder.assetcatalog; path = "Preview Assets.xcassets"; sourceTree = "<group>"; };
		F0DC81CB2A04446E00F56023 /* StocksEyeTests.xctest */ = {isa = PBXFileReference; explicitFileType = wrapper.cfbundle; includeInIndex = 0; path = StocksEyeTests.xctest; sourceTree = BUILT_PRODUCTS_DIR; };
		F0DC81CF2A04446E00F56023 /* StocksEyeTests.swift */ = {isa = PBXFileReference; lastKnownFileType = sourcecode.swift; path = StocksEyeTests.swift; sourceTree = "<group>"; };
		F0DC81D52A04446E00F56023 /* StocksEyeUITests.xctest */ = {isa = PBXFileReference; explicitFileType = wrapper.cfbundle; includeInIndex = 0; path = StocksEyeUITests.xctest; sourceTree = BUILT_PRODUCTS_DIR; };
		F0DC81D92A04446E00F56023 /* StocksEyeUITests.swift */ = {isa = PBXFileReference; lastKnownFileType = sourcecode.swift; path = StocksEyeUITests.swift; sourceTree = "<group>"; };
		F0DC81DB2A04446E00F56023 /* StocksEyeUITestsLaunchTests.swift */ = {isa = PBXFileReference; lastKnownFileType = sourcecode.swift; path = StocksEyeUITestsLaunchTests.swift; sourceTree = "<group>"; };
/* End PBXFileReference section */

/* Begin PBXFrameworksBuildPhase section */
		F0DC81B82A04446B00F56023 /* Frameworks */ = {
			isa = PBXFrameworksBuildPhase;
			buildActionMask = 2147483647;
			files = (
			);
			runOnlyForDeploymentPostprocessing = 0;
		};
		F0DC81C82A04446E00F56023 /* Frameworks */ = {
			isa = PBXFrameworksBuildPhase;
			buildActionMask = 2147483647;
			files = (
			);
			runOnlyForDeploymentPostprocessing = 0;
		};
		F0DC81D22A04446E00F56023 /* Frameworks */ = {
			isa = PBXFrameworksBuildPhase;
			buildActionMask = 2147483647;
			files = (
			);
			runOnlyForDeploymentPostprocessing = 0;
		};
/* End PBXFrameworksBuildPhase section */

/* Begin PBXGroup section */
		F0DC81B22A04446B00F56023 = {
			isa = PBXGroup;
			children = (
				F0DC81BD2A04446B00F56023 /* StocksEye */,
				F0DC81CE2A04446E00F56023 /* StocksEyeTests */,
				F0DC81D82A04446E00F56023 /* StocksEyeUITests */,
				F0DC81BC2A04446B00F56023 /* Products */,
			);
			sourceTree = "<group>";
		};
		F0DC81BC2A04446B00F56023 /* Products */ = {
			isa = PBXGroup;
			children = (
				F0DC81BB2A04446B00F56023 /* StocksEye.app */,
				F0DC81CB2A04446E00F56023 /* StocksEyeTests.xctest */,
				F0DC81D52A04446E00F56023 /* StocksEyeUITests.xctest */,
			);
			name = Products;
			sourceTree = "<group>";
		};
		F0DC81BD2A04446B00F56023 /* StocksEye */ = {
			isa = PBXGroup;
			children = (
				F0DC81BE2A04446B00F56023 /* StocksEyeApp.swift */,
				F0DC81C02A04446B00F56023 /* ContentView.swift */,
				F0DC81C22A04446D00F56023 /* Assets.xcassets */,
				F0DC81C42A04446D00F56023 /* Preview Content */,
			);
			path = StocksEye;
			sourceTree = "<group>";
		};
		F0DC81C42A04446D00F56023 /* Preview Content */ = {
			isa = PBXGroup;
			children = (
				F0DC81C52A04446D00F56023 /* Preview Assets.xcassets */,
			);
			path = "Preview Content";
			sourceTree = "<group>";
		};
		F0DC81CE2A04446E00F56023 /* StocksEyeTests */ = {
			isa = PBXGroup;
			children = (
				F0DC81CF2A04446E00F56023 /* StocksEyeTests.swift */,
			);
			path = StocksEyeTests;
			sourceTree = "<group>";
		};
		F0DC81D82A04446E00F56023 /* StocksEyeUITests */ = {
			isa = PBXGroup;
			children = (
				F0DC81D92A04446E00F56023 /* StocksEyeUITests.swift */,
				F0DC81DB2A04446E00F56023 /* StocksEyeUITestsLaunchTests.swift */,
			);
			path = StocksEyeUITests;
			sourceTree = "<group>";
		};
/* End PBXGroup section */

/* Begin PBXNativeTarget section */
		F0DC81BA2A04446B00F56023 /* StocksEye */ = {
			isa = PBXNativeTarget;
			buildConfigurationList = F0DC81DF2A04446E00F56023 /* Build configuration list for PBXNativeTarget "StocksEye" */;
			buildPhases = (
				F0DC81B72A04446B00F56023 /* Sources */,
				F0DC81B82A04446B00F56023 /* Frameworks */,
				F0DC81B92A04446B00F56023 /* Resources */,
			);
			buildRules = (
			);
			dependencies = (
			);
			name = StocksEye;
			productName = StocksEye;
			productReference = F0DC81BB2A04446B00F56023 /* StocksEye.app */;
			productType = "com.apple.product-type.application";
		};
		F0DC81CA2A04446E00F56023 /* StocksEyeTests */ = {
			isa = PBXNativeTarget;
			buildConfigurationList = F0DC81E22A04446E00F56023 /* Build configuration list for PBXNativeTarget "StocksEyeTests" */;
			buildPhases = (
				F0DC81C72A04446E00F56023 /* Sources */,
				F0DC81C82A04446E00F56023 /* Frameworks */,
				F0DC81C92A04446E00F56023 /* Resources */,
			);
			buildRules = (
			);
			dependencies = (
				F0DC81CD2A04446E00F56023 /* PBXTargetDependency */,
			);
			name = StocksEyeTests;
			productName = StocksEyeTests;
			productReference = F0DC81CB2A04446E00F56023 /* StocksEyeTests.xctest */;
			productType = "com.apple.product-type.bundle.unit-test";
		};
		F0DC81D42A04446E00F56023 /* StocksEyeUITests */ = {
			isa = PBXNativeTarget;
			buildConfigurationList = F0DC81E52A04446E00F56023 /* Build configuration list for PBXNativeTarget "StocksEyeUITests" */;
			buildPhases = (
				F0DC81D12A04446E00F56023 /* Sources */,
				F0DC81D22A04446E00F56023 /* Frameworks */,
				F0DC81D32A04446E00F56023 /* Resources */,
			);
			buildRules = (
			);
			dependencies = (
				F0DC81D72A04446E00F56023 /* PBXTargetDependency */,
			);
			name = StocksEyeUITests;
			productName = StocksEyeUITests;
			productReference = F0DC81D52A04446E00F56023 /* StocksEyeUITests.xctest */;
			productType = "com.apple.product-type.bundle.ui-testing";
		};
/* End PBXNativeTarget section */

/* Begin PBXProject section */
		F0DC81B32A04446B00F56023 /* Project object */ = {
			isa = PBXProject;
			attributes = {
				BuildIndependentTargetsInParallel = 1;
				LastSwiftUpdateCheck = 1430;
				LastUpgradeCheck = 1430;
				TargetAttributes = {
					F0DC81BA2A04446B00F56023 = {
						CreatedOnToolsVersion = 14.3;
					};
					F0DC81CA2A04446E00F56023 = {
						CreatedOnToolsVersion = 14.3;
						TestTargetID = F0DC81BA2A04446B00F56023;
					};
					F0DC81D42A04446E00F56023 = {
						CreatedOnToolsVersion = 14.3;
						TestTargetID = F0DC81BA2A04446B00F56023;
					};
				};
			};
			buildConfigurationList = F0DC81B62A04446B00F56023 /* Build configuration list for PBXProject "StocksEye" */;
			compatibilityVersion = "Xcode 14.0";
			developmentRegion = en;
			hasScannedForEncodings = 0;
			knownRegions = (
				en,
				Base,
			);
			mainGroup = F0DC81B22A04446B00F56023;
			productRefGroup = F0DC81BC2A04446B00F56023 /* Products */;
			projectDirPath = "";
			projectRoot = "";
			targets = (
				F0DC81BA2A04446B00F56023 /* StocksEye */,
				F0DC81CA2A04446E00F56023 /* StocksEyeTests */,
				F0DC81D42A04446E00F56023 /* StocksEyeUITests */,
			);
		};
/* End PBXProject section */

/* Begin PBXResourcesBuildPhase section */
		F0DC81B92A04446B00F56023 /* Resources */ = {
			isa = PBXResourcesBuildPhase;
			buildActionMask = 2147483647;
			files = (
				F0DC81C62A04446D00F56023 /* Preview Assets.xcassets in Resources */,
				F0DC81C32A04446D00F56023 /* Assets.xcassets in Resources */,
			);
			runOnlyForDeploymentPostprocessing = 0;
		};
		F0DC81C92A04446E00F56023 /* Resources */ = {
			isa = PBXResourcesBuildPhase;
			buildActionMask = 2147483647;
			files = (
			);
			runOnlyForDeploymentPostprocessing = 0;
		};
		F0DC81D32A04446E00F56023 /* Resources */ = {
			isa = PBXResourcesBuildPhase;
			buildActionMask = 2147483647;
			files = (
			);
			runOnlyForDeploymentPostprocessing = 0;
		};
/* End PBXResourcesBuildPhase section */

/* Begin PBXSourcesBuildPhase section */
		F0DC81B72A04446B00F56023 /* Sources */ = {
			isa = PBXSourcesBuildPhase;
			buildActionMask = 2147483647;
			files = (
				F0DC81C12A04446B00F56023 /* ContentView.swift in Sources */,
				F0DC81BF2A04446B00F56023 /* StocksEyeApp.swift in Sources */,
			);
			runOnlyForDeploymentPostprocessing = 0;
		};
		F0DC81C72A04446E00F56023 /* Sources */ = {
			isa = PBXSourcesBuildPhase;
			buildActionMask = 2147483647;
			files = (
				F0DC81D02A04446E00F56023 /* StocksEyeTests.swift in Sources */,
			);
			runOnlyForDeploymentPostprocessing = 0;
		};
		F0DC81D12A04446E00F56023 /* Sources */ = {
			isa = PBXSourcesBuildPhase;
			buildActionMask = 2147483647;
			files = (
				F0DC81DA2A04446E00F56023 /* StocksEyeUITests.swift in Sources */,
				F0DC81DC2A04446E00F56023 /* StocksEyeUITestsLaunchTests.swift in Sources */,
			);
			runOnlyForDeploymentPostprocessing = 0;
		};
/* End PBXSourcesBuildPhase section */

/* Begin PBXTargetDependency section */
		F0DC81CD2A04446E00F56023 /* PBXTargetDependency */ = {
			isa = PBXTargetDependency;
			target = F0DC81BA2A04446B00F56023 /* StocksEye */;
			targetProxy = F0DC81CC2A04446E00F56023 /* PBXContainerItemProxy */;
		};
		F0DC81D72A04446E00F56023 /* PBXTargetDependency */ = {
			isa = PBXTargetDependency;
			target = F0DC81BA2A04446B00F56023 /* StocksEye */;
			targetProxy = F0DC81D62A04446E00F56023 /* PBXContainerItemProxy */;
		};
/* End PBXTargetDependency section */

/* Begin XCBuildConfiguration section */
		F0DC81DD2A04446E00F56023 /* Debug */ = {
			isa = XCBuildConfiguration;
			buildSettings = {
				ALWAYS_SEARCH_USER_PATHS = NO;
				CLANG_ANALYZER_NONNULL = YES;
				CLANG_ANALYZER_NUMBER_OBJECT_CONVERSION = YES_AGGRESSIVE;
				CLANG_CXX_LANGUAGE_STANDARD = "gnu++20";
				CLANG_ENABLE_MODULES = YES;
				CLANG_ENABLE_OBJC_ARC = YES;
				CLANG_ENABLE_OBJC_WEAK = YES;
				CLANG_WARN_BLOCK_CAPTURE_AUTORELEASING = YES;
				CLANG_WARN_BOOL_CONVERSION = YES;
				CLANG_WARN_COMMA = YES;
				CLANG_WARN_CONSTANT_CONVERSION = YES;
				CLANG_WARN_DEPRECATED_OBJC_IMPLEMENTATIONS = YES;
				CLANG_WARN_DIRECT_OBJC_ISA_USAGE = YES_ERROR;
				CLANG_WARN_DOCUMENTATION_COMMENTS = YES;
				CLANG_WARN_EMPTY_BODY = YES;
				CLANG_WARN_ENUM_CONVERSION = YES;
				CLANG_WARN_INFINITE_RECURSION = YES;
				CLANG_WARN_INT_CONVERSION = YES;
				CLANG_WARN_NON_LITERAL_NULL_CONVERSION = YES;
				CLANG_WARN_OBJC_IMPLICIT_RETAIN_SELF = YES;
				CLANG_WARN_OBJC_LITERAL_CONVERSION = YES;
				CLANG_WARN_OBJC_ROOT_CLASS = YES_ERROR;
				CLANG_WARN_QUOTED_INCLUDE_IN_FRAMEWORK_HEADER = YES;
				CLANG_WARN_RANGE_LOOP_ANALYSIS = YES;
				CLANG_WARN_STRICT_PROTOTYPES = YES;
				CLANG_WARN_SUSPICIOUS_MOVE = YES;
				CLANG_WARN_UNGUARDED_AVAILABILITY = YES_AGGRESSIVE;
				CLANG_WARN_UNREACHABLE_CODE = YES;
				CLANG_WARN__DUPLICATE_METHOD_MATCH = YES;
				COPY_PHASE_STRIP = NO;
				DEBUG_INFORMATION_FORMAT = dwarf;
				ENABLE_STRICT_OBJC_MSGSEND = YES;
				ENABLE_TESTABILITY = YES;
				GCC_C_LANGUAGE_STANDARD = gnu11;
				GCC_DYNAMIC_NO_PIC = NO;
				GCC_NO_COMMON_BLOCKS = YES;
				GCC_OPTIMIZATION_LEVEL = 0;
				GCC_PREPROCESSOR_DEFINITIONS = (
					"DEBUG=1",
					"$(inherited)",
				);
				GCC_WARN_64_TO_32_BIT_CONVERSION = YES;
				GCC_WARN_ABOUT_RETURN_TYPE = YES_ERROR;
				GCC_WARN_UNDECLARED_SELECTOR = YES;
				GCC_WARN_UNINITIALIZED_AUTOS = YES_AGGRESSIVE;
				GCC_WARN_UNUSED_FUNCTION = YES;
				GCC_WARN_UNUSED_VARIABLE = YES;
				IPHONEOS_DEPLOYMENT_TARGET = 16.4;
				MTL_ENABLE_DEBUG_INFO = INCLUDE_SOURCE;
				MTL_FAST_MATH = YES;
				ONLY_ACTIVE_ARCH = YES;
				SDKROOT = iphoneos;
				SWIFT_ACTIVE_COMPILATION_CONDITIONS = DEBUG;
				SWIFT_OPTIMIZATION_LEVEL = "-Onone";
			};
			name = Debug;
		};
		F0DC81DE2A04446E00F56023 /* Release */ = {
			isa = XCBuildConfiguration;
			buildSettings = {
				ALWAYS_SEARCH_USER_PATHS = NO;
				CLANG_ANALYZER_NONNULL = YES;
				CLANG_ANALYZER_NUMBER_OBJECT_CONVERSION = YES_AGGRESSIVE;
				CLANG_CXX_LANGUAGE_STANDARD = "gnu++20";
				CLANG_ENABLE_MODULES = YES;
				CLANG_ENABLE_OBJC_ARC = YES;
				CLANG_ENABLE_OBJC_WEAK = YES;
				CLANG_WARN_BLOCK_CAPTURE_AUTORELEASING = YES;
				CLANG_WARN_BOOL_CONVERSION = YES;
				CLANG_WARN_COMMA = YES;
				CLANG_WARN_CONSTANT_CONVERSION = YES;
				CLANG_WARN_DEPRECATED_OBJC_IMPLEMENTATIONS = YES;
				CLANG_WARN_DIRECT_OBJC_ISA_USAGE = YES_ERROR;
				CLANG_WARN_DOCUMENTATION_COMMENTS = YES;
				CLANG_WARN_EMPTY_BODY = YES;
				CLANG_WARN_ENUM_CONVERSION = YES;
				CLANG_WARN_INFINITE_RECURSION = YES;
				CLANG_WARN_INT_CONVERSION = YES;
				CLANG_WARN_NON_LITERAL_NULL_CONVERSION = YES;
				CLANG_WARN_OBJC_IMPLICIT_RETAIN_SELF = YES;
				CLANG_WARN_OBJC_LITERAL_CONVERSION = YES;
				CLANG_WARN_OBJC_ROOT_CLASS = YES_ERROR;
				CLANG_WARN_QUOTED_INCLUDE_IN_FRAMEWORK_HEADER = YES;
				CLANG_WARN_RANGE_LOOP_ANALYSIS = YES;
				CLANG_WARN_STRICT_PROTOTYPES = YES;
				CLANG_WARN_SUSPICIOUS_MOVE = YES;
				CLANG_WARN_UNGUARDED_AVAILABILITY = YES_AGGRESSIVE;
				CLANG_WARN_UNREACHABLE_CODE = YES;
				CLANG_WARN__DUPLICATE_METHOD_MATCH = YES;
				COPY_PHASE_STRIP = NO;
				DEBUG_INFORMATION_FORMAT = "dwarf-with-dsym";
				ENABLE_NS_ASSERTIONS = NO;
				ENABLE_STRICT_OBJC_MSGSEND = YES;
				GCC_C_LANGUAGE_STANDARD = gnu11;
				GCC_NO_COMMON_BLOCKS = YES;
				GCC_WARN_64_TO_32_BIT_CONVERSION = YES;
				GCC_WARN_ABOUT_RETURN_TYPE = YES_ERROR;
				GCC_WARN_UNDECLARED_SELECTOR = YES;
				GCC_WARN_UNINITIALIZED_AUTOS = YES_AGGRESSIVE;
				GCC_WARN_UNUSED_FUNCTION = YES;
				GCC_WARN_UNUSED_VARIABLE = YES;
				IPHONEOS_DEPLOYMENT_TARGET = 16.4;
				MTL_ENABLE_DEBUG_INFO = NO;
				MTL_FAST_MATH = YES;
				SDKROOT = iphoneos;
				SWIFT_COMPILATION_MODE = wholemodule;
				SWIFT_OPTIMIZATION_LEVEL = "-O";
				VALIDATE_PRODUCT = YES;
			};
			name = Release;
		};
		F0DC81E02A04446E00F56023 /* Debug */ = {
			isa = XCBuildConfiguration;
			buildSettings = {
				ASSETCATALOG_COMPILER_APPICON_NAME = AppIcon;
				ASSETCATALOG_COMPILER_GLOBAL_ACCENT_COLOR_NAME = AccentColor;
				CODE_SIGN_STYLE = Automatic;
				CURRENT_PROJECT_VERSION = 1;
				DEVELOPMENT_ASSET_PATHS = "\"StocksEye/Preview Content\"";
				DEVELOPMENT_TEAM = G2FHPN9ZR2;
				ENABLE_PREVIEWS = YES;
				GENERATE_INFOPLIST_FILE = YES;
				INFOPLIST_KEY_UIApplicationSceneManifest_Generation = YES;
				INFOPLIST_KEY_UIApplicationSupportsIndirectInputEvents = YES;
				INFOPLIST_KEY_UILaunchScreen_Generation = YES;
				INFOPLIST_KEY_UISupportedInterfaceOrientations_iPad = "UIInterfaceOrientationPortrait UIInterfaceOrientationPortraitUpsideDown UIInterfaceOrientationLandscapeLeft UIInterfaceOrientationLandscapeRight";
				INFOPLIST_KEY_UISupportedInterfaceOrientations_iPhone = "UIInterfaceOrientationPortrait UIInterfaceOrientationLandscapeLeft UIInterfaceOrientationLandscapeRight";
				LD_RUNPATH_SEARCH_PATHS = (
					"$(inherited)",
					"@executable_path/Frameworks",
				);
				MARKETING_VERSION = 1.0;
				PRODUCT_BUNDLE_IDENTIFIER = ali.StocksEye;
				PRODUCT_NAME = "$(TARGET_NAME)";
				SWIFT_EMIT_LOC_STRINGS = YES;
				SWIFT_VERSION = 5.0;
				TARGETED_DEVICE_FAMILY = "1,2";
			};
			name = Debug;
		};
		F0DC81E12A04446E00F56023 /* Release */ = {
			isa = XCBuildConfiguration;
			buildSettings = {
				ASSETCATALOG_COMPILER_APPICON_NAME = AppIcon;
				ASSETCATALOG_COMPILER_GLOBAL_ACCENT_COLOR_NAME = AccentColor;
				CODE_SIGN_STYLE = Automatic;
				CURRENT_PROJECT_VERSION = 1;
				DEVELOPMENT_ASSET_PATHS = "\"StocksEye/Preview Content\"";
				DEVELOPMENT_TEAM = G2FHPN9ZR2;
				ENABLE_PREVIEWS = YES;
				GENERATE_INFOPLIST_FILE = YES;
				INFOPLIST_KEY_UIApplicationSceneManifest_Generation = YES;
				INFOPLIST_KEY_UIApplicationSupportsIndirectInputEvents = YES;
				INFOPLIST_KEY_UILaunchScreen_Generation = YES;
				INFOPLIST_KEY_UISupportedInterfaceOrientations_iPad = "UIInterfaceOrientationPortrait UIInterfaceOrientationPortraitUpsideDown UIInterfaceOrientationLandscapeLeft UIInterfaceOrientationLandscapeRight";
				INFOPLIST_KEY_UISupportedInterfaceOrientations_iPhone = "UIInterfaceOrientationPortrait UIInterfaceOrientationLandscapeLeft UIInterfaceOrientationLandscapeRight";
				LD_RUNPATH_SEARCH_PATHS = (
					"$(inherited)",
					"@executable_path/Frameworks",
				);
				MARKETING_VERSION = 1.0;
				PRODUCT_BUNDLE_IDENTIFIER = ali.StocksEye;
				PRODUCT_NAME = "$(TARGET_NAME)";
				SWIFT_EMIT_LOC_STRINGS = YES;
				SWIFT_VERSION = 5.0;
				TARGETED_DEVICE_FAMILY = "1,2";
			};
			name = Release;
		};
		F0DC81E32A04446E00F56023 /* Debug */ = {
			isa = XCBuildConfiguration;
			buildSettings = {
				ALWAYS_EMBED_SWIFT_STANDARD_LIBRARIES = YES;
				BUNDLE_LOADER = "$(TEST_HOST)";
				CODE_SIGN_STYLE = Automatic;
				CURRENT_PROJECT_VERSION = 1;
				DEVELOPMENT_TEAM = G2FHPN9ZR2;
				GENERATE_INFOPLIST_FILE = YES;
				IPHONEOS_DEPLOYMENT_TARGET = 16.4;
				MARKETING_VERSION = 1.0;
				PRODUCT_BUNDLE_IDENTIFIER = ali.StocksEyeTests;
				PRODUCT_NAME = "$(TARGET_NAME)";
				SWIFT_EMIT_LOC_STRINGS = NO;
				SWIFT_VERSION = 5.0;
				TARGETED_DEVICE_FAMILY = "1,2";
				TEST_HOST = "$(BUILT_PRODUCTS_DIR)/StocksEye.app/$(BUNDLE_EXECUTABLE_FOLDER_PATH)/StocksEye";
			};
			name = Debug;
		};
		F0DC81E42A04446E00F56023 /* Release */ = {
			isa = XCBuildConfiguration;
			buildSettings = {
				ALWAYS_EMBED_SWIFT_STANDARD_LIBRARIES = YES;
				BUNDLE_LOADER = "$(TEST_HOST)";
				CODE_SIGN_STYLE = Automatic;
				CURRENT_PROJECT_VERSION = 1;
				DEVELOPMENT_TEAM = G2FHPN9ZR2;
				GENERATE_INFOPLIST_FILE = YES;
				IPHONEOS_DEPLOYMENT_TARGET = 16.4;
				MARKETING_VERSION = 1.0;
				PRODUCT_BUNDLE_IDENTIFIER = ali.StocksEyeTests;
				PRODUCT_NAME = "$(TARGET_NAME)";
				SWIFT_EMIT_LOC_STRINGS = NO;
				SWIFT_VERSION = 5.0;
				TARGETED_DEVICE_FAMILY = "1,2";
				TEST_HOST = "$(BUILT_PRODUCTS_DIR)/StocksEye.app/$(BUNDLE_EXECUTABLE_FOLDER_PATH)/StocksEye";
			};
			name = Release;
		};
		F0DC81E62A04446E00F56023 /* Debug */ = {
			isa = XCBuildConfiguration;
			buildSettings = {
				ALWAYS_EMBED_SWIFT_STANDARD_LIBRARIES = YES;
				CODE_SIGN_STYLE = Automatic;
				CURRENT_PROJECT_VERSION = 1;
				DEVELOPMENT_TEAM = G2FHPN9ZR2;
				GENERATE_INFOPLIST_FILE = YES;
				MARKETING_VERSION = 1.0;
				PRODUCT_BUNDLE_IDENTIFIER = ali.StocksEyeUITests;
				PRODUCT_NAME = "$(TARGET_NAME)";
				SWIFT_EMIT_LOC_STRINGS = NO;
				SWIFT_VERSION = 5.0;
				TARGETED_DEVICE_FAMILY = "1,2";
				TEST_TARGET_NAME = StocksEye;
			};
			name = Debug;
		};
		F0DC81E72A04446E00F56023 /* Release */ = {
			isa = XCBuildConfiguration;
			buildSettings = {
				ALWAYS_EMBED_SWIFT_STANDARD_LIBRARIES = YES;
				CODE_SIGN_STYLE = Automatic;
				CURRENT_PROJECT_VERSION = 1;
				DEVELOPMENT_TEAM = G2FHPN9ZR2;
				GENERATE_INFOPLIST_FILE = YES;
				MARKETING_VERSION = 1.0;
				PRODUCT_BUNDLE_IDENTIFIER = ali.StocksEyeUITests;
				PRODUCT_NAME = "$(TARGET_NAME)";
				SWIFT_EMIT_LOC_STRINGS = NO;
				SWIFT_VERSION = 5.0;
				TARGETED_DEVICE_FAMILY = "1,2";
				TEST_TARGET_NAME = StocksEye;
			};
			name = Release;
		};
/* End XCBuildConfiguration section */

/* Begin XCConfigurationList section */
		F0DC81B62A04446B00F56023 /* Build configuration list for PBXProject "StocksEye" */ = {
			isa = XCConfigurationList;
			buildConfigurations = (
				F0DC81DD2A04446E00F56023 /* Debug */,
				F0DC81DE2A04446E00F56023 /* Release */,
			);
			defaultConfigurationIsVisible = 0;
			defaultConfigurationName = Release;
		};
		F0DC81DF2A04446E00F56023 /* Build configuration list for PBXNativeTarget "StocksEye" */ = {
			isa = XCConfigurationList;
			buildConfigurations = (
				F0DC81E02A04446E00F56023 /* Debug */,
				F0DC81E12A04446E00F56023 /* Release */,
			);
			defaultConfigurationIsVisible = 0;
			defaultConfigurationName = Release;
		};
		F0DC81E22A04446E00F56023 /* Build configuration list for PBXNativeTarget "StocksEyeTests" */ = {
			isa = XCConfigurationList;
			buildConfigurations = (
				F0DC81E32A04446E00F56023 /* Debug */,
				F0DC81E42A04446E00F56023 /* Release */,
			);
			defaultConfigurationIsVisible = 0;
			defaultConfigurationName = Release;
		};
		F0DC81E52A04446E00F56023 /* Build configuration list for PBXNativeTarget "StocksEyeUITests" */ = {
			isa = XCConfigurationList;
			buildConfigurations = (
				F0DC81E62A04446E00F56023 /* Debug */,
				F0DC81E72A04446E00F56023 /* Release */,
			);
			defaultConfigurationIsVisible = 0;
			defaultConfigurationName = Release;
		};
/* End XCConfigurationList section */
	};
	rootObject = F0DC81B32A04446B00F56023 /* Project object */;
}
